
Microsoft Visual Studio Solution File, Format Version 12.00
# Visual Studio Version 17
VisualStudioVersion = 17.8.34601.278
MinimumVisualStudioVersion = 10.0.40219.1
Project("{2150E333-8FDC-42A3-9474-1A3956D46DE8}") = "SRC", "SRC", "{E2EFD4EC-52BD-4CFA-8A67-10F063B74CD0}"
EndProject
Project("{2150E333-8FDC-42A3-9474-1A3956D46DE8}") = "Core", "Core", "{158C9936-BEAA-406E-8E8C-B095489F90AD}"
EndProject
Project("{2150E333-8FDC-42A3-9474-1A3956D46DE8}") = "Infrastructure", "Infrastructure", "{5715FDC9-BCE1-42A7-9B53-0BBC29DED82F}"
EndProject
Project("{2150E333-8FDC-42A3-9474-1A3956D46DE8}") = "Presentation", "Presentation", "{586019FA-8AC6-4DED-9CCD-D8115B861786}"
EndProject
Project("{2150E333-8FDC-42A3-9474-1A3956D46DE8}") = "Test", "Test", "{1FB22307-C9F5-4173-8C00-22B4685589B1}"
EndProject
Project("{9A19103F-16F7-4668-BE54-9A1E7A4F7556}") = "CMS.Presentation.WebAPI", "CMS.Presentation.WebAPI\CMS.Presentation.WebAPI.csproj", "{C0E077E3-B5A9-416D-A626-9BEE81AFC4BF}"
EndProject
Project("{9A19103F-16F7-4668-BE54-9A1E7A4F7556}") = "CMS.Presentation.AdminAPI", "CMS.Presentation.AdminAPI\CMS.Presentation.AdminAPI.csproj", "{84801F32-106A-4B07-94C4-E8D41778B9A6}"
EndProject
Project("{9A19103F-16F7-4668-BE54-9A1E7A4F7556}") = "CMS.Core.Application.Admin", "CMS.Core.Application.Admin\CMS.Core.Application.Admin.csproj", "{CA0FB421-8108-4EE7-B2EB-59601E1FA6C6}"
EndProject
Project("{9A19103F-16F7-4668-BE54-9A1E7A4F7556}") = "CMS.Core.Application.Web", "CMS.Core.Application.Web\CMS.Core.Application.Web.csproj", "{4FF81ED3-F857-4AEA-9B72-7B03DEC22B8F}"
EndProject
Project("{9A19103F-16F7-4668-BE54-9A1E7A4F7556}") = "CMS.Infrastructure.Utility", "CMS.Infrastructure.Utility\CMS.Infrastructure.Utility.csproj", "{6D7B38F1-E1E5-45BA-8F23-9E9B88C0E8BD}"
EndProject
Project("{9A19103F-16F7-4668-BE54-9A1E7A4F7556}") = "CMS.Infrastructure.Data", "CMS.Infrastructure.Data\CMS.Infrastructure.Data.csproj", "{721FD73C-A8A1-4880-B688-7FA6FCC09217}"
EndProject
Project("{FAE04EC0-301F-11D3-BF4B-00C04F79EFBC}") = "CMS.Core.Domain", "CMS.Core.Domain\CMS.Core.Domain.csproj", "{8C35AFF2-59B6-462A-9305-D65E4E4B35EC}"
EndProject
Global
	GlobalSection(SolutionConfigurationPlatforms) = preSolution
		Debug|Any CPU = Debug|Any CPU
		Release|Any CPU = Release|Any CPU
	EndGlobalSection
	GlobalSection(ProjectConfigurationPlatforms) = postSolution
		{C0E077E3-B5A9-416D-A626-9BEE81AFC4BF}.Debug|Any CPU.ActiveCfg = Debug|Any CPU
		{C0E077E3-B5A9-416D-A626-9BEE81AFC4BF}.Debug|Any CPU.Build.0 = Debug|Any CPU
		{C0E077E3-B5A9-416D-A626-9BEE81AFC4BF}.Release|Any CPU.ActiveCfg = Release|Any CPU
		{C0E077E3-B5A9-416D-A626-9BEE81AFC4BF}.Release|Any CPU.Build.0 = Release|Any CPU
		{84801F32-106A-4B07-94C4-E8D41778B9A6}.Debug|Any CPU.ActiveCfg = Debug|Any CPU
		{84801F32-106A-4B07-94C4-E8D41778B9A6}.Debug|Any CPU.Build.0 = Debug|Any CPU
		{84801F32-106A-4B07-94C4-E8D41778B9A6}.Release|Any CPU.ActiveCfg = Release|Any CPU
		{84801F32-106A-4B07-94C4-E8D41778B9A6}.Release|Any CPU.Build.0 = Release|Any CPU
		{CA0FB421-8108-4EE7-B2EB-59601E1FA6C6}.Debug|Any CPU.ActiveCfg = Debug|Any CPU
		{CA0FB421-8108-4EE7-B2EB-59601E1FA6C6}.Debug|Any CPU.Build.0 = Debug|Any CPU
		{CA0FB421-8108-4EE7-B2EB-59601E1FA6C6}.Release|Any CPU.ActiveCfg = Release|Any CPU
		{CA0FB421-8108-4EE7-B2EB-59601E1FA6C6}.Release|Any CPU.Build.0 = Release|Any CPU
		{4FF81ED3-F857-4AEA-9B72-7B03DEC22B8F}.Debug|Any CPU.ActiveCfg = Debug|Any CPU
		{4FF81ED3-F857-4AEA-9B72-7B03DEC22B8F}.Debug|Any CPU.Build.0 = Debug|Any CPU
		{4FF81ED3-F857-4AEA-9B72-7B03DEC22B8F}.Release|Any CPU.ActiveCfg = Release|Any CPU
		{4FF81ED3-F857-4AEA-9B72-7B03DEC22B8F}.Release|Any CPU.Build.0 = Release|Any CPU
		{6D7B38F1-E1E5-45BA-8F23-9E9B88C0E8BD}.Debug|Any CPU.ActiveCfg = Debug|Any CPU
		{6D7B38F1-E1E5-45BA-8F23-9E9B88C0E8BD}.Debug|Any CPU.Build.0 = Debug|Any CPU
		{6D7B38F1-E1E5-45BA-8F23-9E9B88C0E8BD}.Release|Any CPU.ActiveCfg = Release|Any CPU
		{6D7B38F1-E1E5-45BA-8F23-9E9B88C0E8BD}.Release|Any CPU.Build.0 = Release|Any CPU
		{721FD73C-A8A1-4880-B688-7FA6FCC09217}.Debug|Any CPU.ActiveCfg = Debug|Any CPU
		{721FD73C-A8A1-4880-B688-7FA6FCC09217}.Debug|Any CPU.Build.0 = Debug|Any CPU
		{721FD73C-A8A1-4880-B688-7FA6FCC09217}.Release|Any CPU.ActiveCfg = Release|Any CPU
		{721FD73C-A8A1-4880-B688-7FA6FCC09217}.Release|Any CPU.Build.0 = Release|Any CPU
		{8C35AFF2-59B6-462A-9305-D65E4E4B35EC}.Debug|Any CPU.ActiveCfg = Debug|Any CPU
		{8C35AFF2-59B6-462A-9305-D65E4E4B35EC}.Debug|Any CPU.Build.0 = Debug|Any CPU
		{8C35AFF2-59B6-462A-9305-D65E4E4B35EC}.Release|Any CPU.ActiveCfg = Release|Any CPU
		{8C35AFF2-59B6-462A-9305-D65E4E4B35EC}.Release|Any CPU.Build.0 = Release|Any CPU
	EndGlobalSection
	GlobalSection(SolutionProperties) = preSolution
		HideSolutionNode = FALSE
	EndGlobalSection
	GlobalSection(NestedProjects) = preSolution
		{158C9936-BEAA-406E-8E8C-B095489F90AD} = {E2EFD4EC-52BD-4CFA-8A67-10F063B74CD0}
		{5715FDC9-BCE1-42A7-9B53-0BBC29DED82F} = {E2EFD4EC-52BD-4CFA-8A67-10F063B74CD0}
		{586019FA-8AC6-4DED-9CCD-D8115B861786} = {E2EFD4EC-52BD-4CFA-8A67-10F063B74CD0}
		{C0E077E3-B5A9-416D-A626-9BEE81AFC4BF} = {586019FA-8AC6-4DED-9CCD-D8115B861786}
		{84801F32-106A-4B07-94C4-E8D41778B9A6} = {586019FA-8AC6-4DED-9CCD-D8115B861786}
		{CA0FB421-8108-4EE7-B2EB-59601E1FA6C6} = {158C9936-BEAA-406E-8E8C-B095489F90AD}
		{4FF81ED3-F857-4AEA-9B72-7B03DEC22B8F} = {158C9936-BEAA-406E-8E8C-B095489F90AD}
		{6D7B38F1-E1E5-45BA-8F23-9E9B88C0E8BD} = {5715FDC9-BCE1-42A7-9B53-0BBC29DED82F}
		{721FD73C-A8A1-4880-B688-7FA6FCC09217} = {5715FDC9-BCE1-42A7-9B53-0BBC29DED82F}
		{8C35AFF2-59B6-462A-9305-D65E4E4B35EC} = {158C9936-BEAA-406E-8E8C-B095489F90AD}
	EndGlobalSection
	GlobalSection(ExtensibilityGlobals) = postSolution
		SolutionGuid = {86103C62-67EB-4813-8F8A-5EE50EF2CB9F}
	EndGlobalSection
EndGlobal
